
Microsoft Visual Studio Solution File, Format Version 12.00
# Visual Studio Version 16
VisualStudioVersion = 16.0.31112.23
MinimumVisualStudioVersion = 10.0.40219.1
Project("{9A19103F-16F7-4668-BE54-9A1E7A4F7556}") = "ZabitaWEB.Server", "ZabitaWEB\Server\ZabitaWEB.Server.csproj", "{087384F1-E87E-48C7-8184-29C7A558AF2A}"
	ProjectSection(ProjectDependencies) = postProject
		{CA6A4FC0-60C3-4041-990A-DC00BAEC1923} = {CA6A4FC0-60C3-4041-990A-DC00BAEC1923}
	EndProjectSection
EndProject
Project("{9A19103F-16F7-4668-BE54-9A1E7A4F7556}") = "ZabitaWEB.Client", "ZabitaWEB\Client\ZabitaWEB.Client.csproj", "{0CD20E2C-E3E1-4A88-9B75-FD8C49007D6E}"
EndProject
Project("{9A19103F-16F7-4668-BE54-9A1E7A4F7556}") = "ZabitaWEB.Shared", "ZabitaWEB\Shared\ZabitaWEB.Shared.csproj", "{7A2715D5-4D0B-4CED-A631-436511D61B2F}"
	ProjectSection(ProjectDependencies) = postProject
		{87378720-8FE2-4B39-823C-C7CFB5571101} = {87378720-8FE2-4B39-823C-C7CFB5571101}
		{CA6A4FC0-60C3-4041-990A-DC00BAEC1923} = {CA6A4FC0-60C3-4041-990A-DC00BAEC1923}
	EndProjectSection
EndProject
Project("{9A19103F-16F7-4668-BE54-9A1E7A4F7556}") = "Zabita.DataAccessLayer", "ZabitaWEB\Zabita.DataAccessLayer\Zabita.DataAccessLayer.csproj", "{87378720-8FE2-4B39-823C-C7CFB5571101}"
EndProject
Project("{9A19103F-16F7-4668-BE54-9A1E7A4F7556}") = "Zabita.Entities", "ZabitaWEB\Zabita.Entities\Zabita.Entities.csproj", "{CA6A4FC0-60C3-4041-990A-DC00BAEC1923}"
EndProject
Global
	GlobalSection(SolutionConfigurationPlatforms) = preSolution
		Debug|Any CPU = Debug|Any CPU
		Release|Any CPU = Release|Any CPU
	EndGlobalSection
	GlobalSection(ProjectConfigurationPlatforms) = postSolution
		{087384F1-E87E-48C7-8184-29C7A558AF2A}.Debug|Any CPU.ActiveCfg = Debug|Any CPU
		{087384F1-E87E-48C7-8184-29C7A558AF2A}.Debug|Any CPU.Build.0 = Debug|Any CPU
		{087384F1-E87E-48C7-8184-29C7A558AF2A}.Release|Any CPU.ActiveCfg = Release|Any CPU
		{087384F1-E87E-48C7-8184-29C7A558AF2A}.Release|Any CPU.Build.0 = Release|Any CPU
		{0CD20E2C-E3E1-4A88-9B75-FD8C49007D6E}.Debug|Any CPU.ActiveCfg = Debug|Any CPU
		{0CD20E2C-E3E1-4A88-9B75-FD8C49007D6E}.Debug|Any CPU.Build.0 = Debug|Any CPU
		{0CD20E2C-E3E1-4A88-9B75-FD8C49007D6E}.Release|Any CPU.ActiveCfg = Release|Any CPU
		{0CD20E2C-E3E1-4A88-9B75-FD8C49007D6E}.Release|Any CPU.Build.0 = Release|Any CPU
		{7A2715D5-4D0B-4CED-A631-436511D61B2F}.Debug|Any CPU.ActiveCfg = Debug|Any CPU
		{7A2715D5-4D0B-4CED-A631-436511D61B2F}.Debug|Any CPU.Build.0 = Debug|Any CPU
		{7A2715D5-4D0B-4CED-A631-436511D61B2F}.Release|Any CPU.ActiveCfg = Release|Any CPU
		{7A2715D5-4D0B-4CED-A631-436511D61B2F}.Release|Any CPU.Build.0 = Release|Any CPU
		{87378720-8FE2-4B39-823C-C7CFB5571101}.Debug|Any CPU.ActiveCfg = Debug|Any CPU
		{87378720-8FE2-4B39-823C-C7CFB5571101}.Debug|Any CPU.Build.0 = Debug|Any CPU
		{87378720-8FE2-4B39-823C-C7CFB5571101}.Release|Any CPU.ActiveCfg = Release|Any CPU
		{87378720-8FE2-4B39-823C-C7CFB5571101}.Release|Any CPU.Build.0 = Release|Any CPU
		{CA6A4FC0-60C3-4041-990A-DC00BAEC1923}.Debug|Any CPU.ActiveCfg = Debug|Any CPU
		{CA6A4FC0-60C3-4041-990A-DC00BAEC1923}.Debug|Any CPU.Build.0 = Debug|Any CPU
		{CA6A4FC0-60C3-4041-990A-DC00BAEC1923}.Release|Any CPU.ActiveCfg = Release|Any CPU
		{CA6A4FC0-60C3-4041-990A-DC00BAEC1923}.Release|Any CPU.Build.0 = Release|Any CPU
	EndGlobalSection
	GlobalSection(SolutionProperties) = preSolution
		HideSolutionNode = FALSE
	EndGlobalSection
	GlobalSection(ExtensibilityGlobals) = postSolution
		SolutionGuid = {18EBFA03-2AED-4B65-B518-6F73EDB733DC}
	EndGlobalSection
EndGlobal
